
Microsoft Visual Studio Solution File, Format Version 12.00
# Visual Studio Version 17
VisualStudioVersion = 17.4.33403.182
MinimumVisualStudioVersion = 10.0.40219.1
Project("{9A19103F-16F7-4668-BE54-9A1E7A4F7556}") = "PairCode.ConceitosBasicos.Presentations.Console", "src\PairCode.ConceitosBasicos.Presentations.Console\PairCode.ConceitosBasicos.Presentations.Console.csproj", "{2C158AA0-D31E-469C-8428-3B973F6FE135}"
EndProject
Project("{2150E333-8FDC-42A3-9474-1A3956D46DE8}") = "ProjetoConsole", "ProjetoConsole", "{D1270045-8BAD-4AD9-B67F-AD26499DF55C}"
EndProject
Project("{2150E333-8FDC-42A3-9474-1A3956D46DE8}") = "ProjetoWeb", "ProjetoWeb", "{E9BAF75F-AF11-4556-B13D-B43D36A9F997}"
EndProject
Project("{9A19103F-16F7-4668-BE54-9A1E7A4F7556}") = "PairCode.ConceitosBasicos.Presentations.Web.MVC", "src\PairCode.ConceitosBasicos.Presentations.Web.MVC\PairCode.ConceitosBasicos.Presentations.Web.MVC.csproj", "{E2E519F7-D681-4A60-9773-8404BB3BF6D7}"
EndProject
Global
	GlobalSection(SolutionConfigurationPlatforms) = preSolution
		Debug|Any CPU = Debug|Any CPU
		Release|Any CPU = Release|Any CPU
	EndGlobalSection
	GlobalSection(ProjectConfigurationPlatforms) = postSolution
		{2C158AA0-D31E-469C-8428-3B973F6FE135}.Debug|Any CPU.ActiveCfg = Debug|Any CPU
		{2C158AA0-D31E-469C-8428-3B973F6FE135}.Debug|Any CPU.Build.0 = Debug|Any CPU
		{2C158AA0-D31E-469C-8428-3B973F6FE135}.Release|Any CPU.ActiveCfg = Release|Any CPU
		{2C158AA0-D31E-469C-8428-3B973F6FE135}.Release|Any CPU.Build.0 = Release|Any CPU
		{E2E519F7-D681-4A60-9773-8404BB3BF6D7}.Debug|Any CPU.ActiveCfg = Debug|Any CPU
		{E2E519F7-D681-4A60-9773-8404BB3BF6D7}.Debug|Any CPU.Build.0 = Debug|Any CPU
		{E2E519F7-D681-4A60-9773-8404BB3BF6D7}.Release|Any CPU.ActiveCfg = Release|Any CPU
		{E2E519F7-D681-4A60-9773-8404BB3BF6D7}.Release|Any CPU.Build.0 = Release|Any CPU
	EndGlobalSection
	GlobalSection(SolutionProperties) = preSolution
		HideSolutionNode = FALSE
	EndGlobalSection
	GlobalSection(NestedProjects) = preSolution
		{2C158AA0-D31E-469C-8428-3B973F6FE135} = {D1270045-8BAD-4AD9-B67F-AD26499DF55C}
		{E2E519F7-D681-4A60-9773-8404BB3BF6D7} = {E9BAF75F-AF11-4556-B13D-B43D36A9F997}
	EndGlobalSection
	GlobalSection(ExtensibilityGlobals) = postSolution
		SolutionGuid = {8FF1F3CB-3083-48B4-B220-C86EDF2F036C}
	EndGlobalSection
EndGlobal
