
Microsoft Visual Studio Solution File, Format Version 12.00
# Visual Studio Version 17
VisualStudioVersion = 17.4.33403.182
MinimumVisualStudioVersion = 10.0.40219.1
Project("{FAE04EC0-301F-11D3-BF4B-00C04F79EFBC}") = "PairCode.ConceitosBasicos.Presentations.Console", "src\PairCode.ConceitosBasicos.Presentations.Console\PairCode.ConceitosBasicos.Presentations.Console.csproj", "{2C158AA0-D31E-469C-8428-3B973F6FE135}"
EndProject
Global
	GlobalSection(SolutionConfigurationPlatforms) = preSolution
		Debug|Any CPU = Debug|Any CPU
		Release|Any CPU = Release|Any CPU
	EndGlobalSection
	GlobalSection(ProjectConfigurationPlatforms) = postSolution
		{2C158AA0-D31E-469C-8428-3B973F6FE135}.Debug|Any CPU.ActiveCfg = Debug|Any CPU
		{2C158AA0-D31E-469C-8428-3B973F6FE135}.Debug|Any CPU.Build.0 = Debug|Any CPU
		{2C158AA0-D31E-469C-8428-3B973F6FE135}.Release|Any CPU.ActiveCfg = Release|Any CPU
		{2C158AA0-D31E-469C-8428-3B973F6FE135}.Release|Any CPU.Build.0 = Release|Any CPU
	EndGlobalSection
	GlobalSection(SolutionProperties) = preSolution
		HideSolutionNode = FALSE
	EndGlobalSection
	GlobalSection(ExtensibilityGlobals) = postSolution
		SolutionGuid = {8FF1F3CB-3083-48B4-B220-C86EDF2F036C}
	EndGlobalSection
EndGlobal
